
Microsoft Visual Studio Solution File, Format Version 12.00
# Visual Studio 15
VisualStudioVersion = 15.0.27004.2009
MinimumVisualStudioVersion = 10.0.40219.1
Project("{FAE04EC0-301F-11D3-BF4B-00C04F79EFBC}") = "TyresStore", "TyresStore\TyresStore.csproj", "{D567F6F1-D4A6-4367-9951-5258A44C6533}"
EndProject
Project("{FAE04EC0-301F-11D3-BF4B-00C04F79EFBC}") = "TyresStore.Repository", "TyresStore.Repository\TyresStore.Repository.csproj", "{D15355D4-4128-4B5D-B36B-2AFA7B04D5B7}"
EndProject
Global
	GlobalSection(SolutionConfigurationPlatforms) = preSolution
		Debug|Any CPU = Debug|Any CPU
		Release|Any CPU = Release|Any CPU
	EndGlobalSection
	GlobalSection(ProjectConfigurationPlatforms) = postSolution
		{D567F6F1-D4A6-4367-9951-5258A44C6533}.Debug|Any CPU.ActiveCfg = Debug|Any CPU
		{D567F6F1-D4A6-4367-9951-5258A44C6533}.Debug|Any CPU.Build.0 = Debug|Any CPU
		{D567F6F1-D4A6-4367-9951-5258A44C6533}.Release|Any CPU.ActiveCfg = Release|Any CPU
		{D567F6F1-D4A6-4367-9951-5258A44C6533}.Release|Any CPU.Build.0 = Release|Any CPU
		{D15355D4-4128-4B5D-B36B-2AFA7B04D5B7}.Debug|Any CPU.ActiveCfg = Debug|Any CPU
		{D15355D4-4128-4B5D-B36B-2AFA7B04D5B7}.Debug|Any CPU.Build.0 = Debug|Any CPU
		{D15355D4-4128-4B5D-B36B-2AFA7B04D5B7}.Release|Any CPU.ActiveCfg = Release|Any CPU
		{D15355D4-4128-4B5D-B36B-2AFA7B04D5B7}.Release|Any CPU.Build.0 = Release|Any CPU
	EndGlobalSection
	GlobalSection(SolutionProperties) = preSolution
		HideSolutionNode = FALSE
	EndGlobalSection
	GlobalSection(ExtensibilityGlobals) = postSolution
		SolutionGuid = {D0387F3C-CC25-4501-9D84-DF2D0AE8D00A}
	EndGlobalSection
EndGlobal
